
Microsoft Visual Studio Solution File, Format Version 12.00
# Visual Studio Version 17
VisualStudioVersion = 17.0.31903.59
MinimumVisualStudioVersion = 10.0.40219.1
Project("{FAE04EC0-301F-11D3-BF4B-00C04F79EFBC}") = "AWSShowcase.Lambda", "AWSShowcase.Lambda\AWSShowcase.Lambda.csproj", "{9F4EC75D-3635-4097-8C58-E415B6D1DC8C}"
EndProject
Project("{FAE04EC0-301F-11D3-BF4B-00C04F79EFBC}") = "AWSShowcase.Web", "AWSShowcase.Web\AWSShowcase.Web.csproj", "{F557A926-1A12-4C9F-BCD4-CAF30B673C57}"
EndProject
Global
	GlobalSection(SolutionConfigurationPlatforms) = preSolution
		Debug|Any CPU = Debug|Any CPU
		Release|Any CPU = Release|Any CPU
	EndGlobalSection
	GlobalSection(SolutionProperties) = preSolution
		HideSolutionNode = FALSE
	EndGlobalSection
	GlobalSection(ProjectConfigurationPlatforms) = postSolution
		{9F4EC75D-3635-4097-8C58-E415B6D1DC8C}.Debug|Any CPU.ActiveCfg = Debug|Any CPU
		{9F4EC75D-3635-4097-8C58-E415B6D1DC8C}.Debug|Any CPU.Build.0 = Debug|Any CPU
		{9F4EC75D-3635-4097-8C58-E415B6D1DC8C}.Release|Any CPU.ActiveCfg = Release|Any CPU
		{9F4EC75D-3635-4097-8C58-E415B6D1DC8C}.Release|Any CPU.Build.0 = Release|Any CPU
		{F557A926-1A12-4C9F-BCD4-CAF30B673C57}.Debug|Any CPU.ActiveCfg = Debug|Any CPU
		{F557A926-1A12-4C9F-BCD4-CAF30B673C57}.Debug|Any CPU.Build.0 = Debug|Any CPU
		{F557A926-1A12-4C9F-BCD4-CAF30B673C57}.Release|Any CPU.ActiveCfg = Release|Any CPU
		{F557A926-1A12-4C9F-BCD4-CAF30B673C57}.Release|Any CPU.Build.0 = Release|Any CPU
	EndGlobalSection
EndGlobal
